
Microsoft Visual Studio Solution File, Format Version 12.00
# Visual Studio Version 16
VisualStudioVersion = 16.0.30309.148
MinimumVisualStudioVersion = 10.0.40219.1
Project("{FAE04EC0-301F-11D3-BF4B-00C04F79EFBC}") = "CursovaGUI", "CursovaGUI.csproj", "{2740342A-83F0-478C-A18A-20326DC80107}"
EndProject
Global
	GlobalSection(SolutionConfigurationPlatforms) = preSolution
		Debug|Any CPU = Debug|Any CPU
		Release|Any CPU = Release|Any CPU
	EndGlobalSection
	GlobalSection(ProjectConfigurationPlatforms) = postSolution
		{2740342A-83F0-478C-A18A-20326DC80107}.Debug|Any CPU.ActiveCfg = Debug|Any CPU
		{2740342A-83F0-478C-A18A-20326DC80107}.Debug|Any CPU.Build.0 = Debug|Any CPU
		{2740342A-83F0-478C-A18A-20326DC80107}.Release|Any CPU.ActiveCfg = Release|Any CPU
		{2740342A-83F0-478C-A18A-20326DC80107}.Release|Any CPU.Build.0 = Release|Any CPU
	EndGlobalSection
	GlobalSection(SolutionProperties) = preSolution
		HideSolutionNode = FALSE
	EndGlobalSection
	GlobalSection(ExtensibilityGlobals) = postSolution
		SolutionGuid = {82D4F823-A81F-4FBC-8782-446AE6C6D5A2}
	EndGlobalSection
EndGlobal
